// !$*UTF8*$!
{
	archiveVersion = 1;
	classes = {
	};
	objectVersion = 56;
	objects = {

/* Begin PBXBuildFile section */
		7565F0562A81465300B796A1 /* Backendless in Frameworks */ = {isa = PBXBuildFile; productRef = 7565F0552A81465300B796A1 /* Backendless */; };
		75BC4A442A80E88800B6F6CE /* TouristLlamaApp.swift in Sources */ = {isa = PBXBuildFile; fileRef = 75BC4A432A80E88800B6F6CE /* TouristLlamaApp.swift */; };
		75BC4A462A80E88800B6F6CE /* ContentView.swift in Sources */ = {isa = PBXBuildFile; fileRef = 75BC4A452A80E88800B6F6CE /* ContentView.swift */; };
		75BC4A482A80E88A00B6F6CE /* Assets.xcassets in Resources */ = {isa = PBXBuildFile; fileRef = 75BC4A472A80E88A00B6F6CE /* Assets.xcassets */; };
		75BC4A4B2A80E88A00B6F6CE /* Preview Assets.xcassets in Resources */ = {isa = PBXBuildFile; fileRef = 75BC4A4A2A80E88A00B6F6CE /* Preview Assets.xcassets */; };
		75BC4A572A80E95C00B6F6CE /* OnboardView.swift in Sources */ = {isa = PBXBuildFile; fileRef = 75BC4A562A80E95C00B6F6CE /* OnboardView.swift */; };
		75BC4A592A80E9D500B6F6CE /* Images.xcassets in Resources */ = {isa = PBXBuildFile; fileRef = 75BC4A582A80E9D500B6F6CE /* Images.xcassets */; };
		75BC4A5D2A80E9FA00B6F6CE /* Image+Onboarding.swift in Sources */ = {isa = PBXBuildFile; fileRef = 75BC4A5C2A80E9FA00B6F6CE /* Image+Onboarding.swift */; };
		75BC4A5F2A80EAC300B6F6CE /* OnboardViewModel.swift in Sources */ = {isa = PBXBuildFile; fileRef = 75BC4A5E2A80EAC300B6F6CE /* OnboardViewModel.swift */; };
		75BC4A622A80EB9700B6F6CE /* FeaturesView.swift in Sources */ = {isa = PBXBuildFile; fileRef = 75BC4A612A80EB9700B6F6CE /* FeaturesView.swift */; };
		75BC4A662A80EBFC00B6F6CE /* FeatureItem.swift in Sources */ = {isa = PBXBuildFile; fileRef = 75BC4A652A80EBFC00B6F6CE /* FeatureItem.swift */; };
		75BC4A6A2A80ED1E00B6F6CE /* OnboardingFeaturesBuilder.swift in Sources */ = {isa = PBXBuildFile; fileRef = 75BC4A692A80ED1E00B6F6CE /* OnboardingFeaturesBuilder.swift */; };
		75BC4A6F2A80EE9F00B6F6CE /* Local+Onboarding.strings in Resources */ = {isa = PBXBuildFile; fileRef = 75BC4A6E2A80EE9F00B6F6CE /* Local+Onboarding.strings */; };
		75BC4A712A80EEB700B6F6CE /* Local+Onboarding.swift in Sources */ = {isa = PBXBuildFile; fileRef = 75BC4A702A80EEB700B6F6CE /* Local+Onboarding.swift */; };
		75BC4A782A80F51B00B6F6CE /* Font+Avenir.swift in Sources */ = {isa = PBXBuildFile; fileRef = 75BC4A772A80F51B00B6F6CE /* Font+Avenir.swift */; };
		75BC4A7C2A80FB5400B6F6CE /* WideBlueButtonStyle.swift in Sources */ = {isa = PBXBuildFile; fileRef = 75BC4A7B2A80FB5400B6F6CE /* WideBlueButtonStyle.swift */; };
		75BC4A7E2A80FB6C00B6F6CE /* Colors.xcassets in Resources */ = {isa = PBXBuildFile; fileRef = 75BC4A7D2A80FB6C00B6F6CE /* Colors.xcassets */; };
		75BC4A812A80FB9B00B6F6CE /* Colors+Main.swift in Sources */ = {isa = PBXBuildFile; fileRef = 75BC4A802A80FB9B00B6F6CE /* Colors+Main.swift */; };
		75BC4A832A810C6D00B6F6CE /* RegisterView.swift in Sources */ = {isa = PBXBuildFile; fileRef = 75BC4A822A810C6D00B6F6CE /* RegisterView.swift */; };
		75BC4A852A810CCA00B6F6CE /* FloatingTextView.swift in Sources */ = {isa = PBXBuildFile; fileRef = 75BC4A842A810CCA00B6F6CE /* FloatingTextView.swift */; };
		75BC4A872A810D6100B6F6CE /* RegisterViewModel.swift in Sources */ = {isa = PBXBuildFile; fileRef = 75BC4A862A810D6100B6F6CE /* RegisterViewModel.swift */; };
		75BC4A8A2A8114D700B6F6CE /* String+Email.swift in Sources */ = {isa = PBXBuildFile; fileRef = 75BC4A892A8114D700B6F6CE /* String+Email.swift */; };
		75BC4A8C2A8116FE00B6F6CE /* Router.swift in Sources */ = {isa = PBXBuildFile; fileRef = 75BC4A8B2A8116FE00B6F6CE /* Router.swift */; };
		75BC4A8E2A811ABC00B6F6CE /* LogInView.swift in Sources */ = {isa = PBXBuildFile; fileRef = 75BC4A8D2A811ABC00B6F6CE /* LogInView.swift */; };
		75BC4A902A811ACA00B6F6CE /* LogInViewModel.swift in Sources */ = {isa = PBXBuildFile; fileRef = 75BC4A8F2A811ACA00B6F6CE /* LogInViewModel.swift */; };
		75ED79E52A82606D0078D103 /* UserAPI.swift in Sources */ = {isa = PBXBuildFile; fileRef = 75ED79E42A82606D0078D103 /* UserAPI.swift */; };
		75ED79E92A8260AA0078D103 /* Dependencies in Frameworks */ = {isa = PBXBuildFile; productRef = 75ED79E82A8260AA0078D103 /* Dependencies */; };
		75ED79EB2A8260B40078D103 /* Dependencies.swift in Sources */ = {isa = PBXBuildFile; fileRef = 75ED79EA2A8260B40078D103 /* Dependencies.swift */; };
		75ED79EE2A8261130078D103 /* UserAPIProvider.swift in Sources */ = {isa = PBXBuildFile; fileRef = 75ED79ED2A8261130078D103 /* UserAPIProvider.swift */; };
		75ED79F02A82616B0078D103 /* UserAPIBackendless.swift in Sources */ = {isa = PBXBuildFile; fileRef = 75ED79EF2A82616B0078D103 /* UserAPIBackendless.swift */; };
		75ED79F32A8262430078D103 /* User.swift in Sources */ = {isa = PBXBuildFile; fileRef = 75ED79F22A8262430078D103 /* User.swift */; };
		75ED79F62A8267970078D103 /* EmailConfirmationView.swift in Sources */ = {isa = PBXBuildFile; fileRef = 75ED79F52A8267970078D103 /* EmailConfirmationView.swift */; };
		75ED79FD2A826CBD0078D103 /* UserAPIMock.swift in Sources */ = {isa = PBXBuildFile; fileRef = 75ED79FC2A826CBD0078D103 /* UserAPIMock.swift */; };
		75ED7A002A826FFC0078D103 /* AlertToast in Frameworks */ = {isa = PBXBuildFile; productRef = 75ED79FF2A826FFC0078D103 /* AlertToast */; };
		75ED7A032A8270390078D103 /* Loading.swift in Sources */ = {isa = PBXBuildFile; fileRef = 75ED7A022A8270390078D103 /* Loading.swift */; };
		75ED7A052A8270720078D103 /* Error.swift in Sources */ = {isa = PBXBuildFile; fileRef = 75ED7A042A8270720078D103 /* Error.swift */; };
		75ED7A072A8270C50078D103 /* ViewModel.swift in Sources */ = {isa = PBXBuildFile; fileRef = 75ED7A062A8270C50078D103 /* ViewModel.swift */; };
		75ED7A0A2A8277C90078D103 /* CustomError.swift in Sources */ = {isa = PBXBuildFile; fileRef = 75ED7A092A8277C90078D103 /* CustomError.swift */; };
		75ED7A0C2A8278540078D103 /* Local+Error.strings in Resources */ = {isa = PBXBuildFile; fileRef = 75ED7A0B2A8278540078D103 /* Local+Error.strings */; };
		75ED7A0E2A8278640078D103 /* Local+Error.swift in Sources */ = {isa = PBXBuildFile; fileRef = 75ED7A0D2A8278640078D103 /* Local+Error.swift */; };
		75ED7A102A8279350078D103 /* UserAPIError.swift in Sources */ = {isa = PBXBuildFile; fileRef = 75ED7A0F2A8279350078D103 /* UserAPIError.swift */; };
/* End PBXBuildFile section */

/* Begin PBXFileReference section */
		75BC4A402A80E88800B6F6CE /* TouristLlama.app */ = {isa = PBXFileReference; explicitFileType = wrapper.application; includeInIndex = 0; path = TouristLlama.app; sourceTree = BUILT_PRODUCTS_DIR; };
		75BC4A432A80E88800B6F6CE /* TouristLlamaApp.swift */ = {isa = PBXFileReference; lastKnownFileType = sourcecode.swift; path = TouristLlamaApp.swift; sourceTree = "<group>"; };
		75BC4A452A80E88800B6F6CE /* ContentView.swift */ = {isa = PBXFileReference; lastKnownFileType = sourcecode.swift; path = ContentView.swift; sourceTree = "<group>"; };
		75BC4A472A80E88A00B6F6CE /* Assets.xcassets */ = {isa = PBXFileReference; lastKnownFileType = folder.assetcatalog; path = Assets.xcassets; sourceTree = "<group>"; };
		75BC4A4A2A80E88A00B6F6CE /* Preview Assets.xcassets */ = {isa = PBXFileReference; lastKnownFileType = folder.assetcatalog; path = "Preview Assets.xcassets"; sourceTree = "<group>"; };
		75BC4A562A80E95C00B6F6CE /* OnboardView.swift */ = {isa = PBXFileReference; lastKnownFileType = sourcecode.swift; path = OnboardView.swift; sourceTree = "<group>"; };
		75BC4A582A80E9D500B6F6CE /* Images.xcassets */ = {isa = PBXFileReference; lastKnownFileType = folder.assetcatalog; path = Images.xcassets; sourceTree = "<group>"; };
		75BC4A5C2A80E9FA00B6F6CE /* Image+Onboarding.swift */ = {isa = PBXFileReference; lastKnownFileType = sourcecode.swift; path = "Image+Onboarding.swift"; sourceTree = "<group>"; };
		75BC4A5E2A80EAC300B6F6CE /* OnboardViewModel.swift */ = {isa = PBXFileReference; lastKnownFileType = sourcecode.swift; path = OnboardViewModel.swift; sourceTree = "<group>"; };
		75BC4A612A80EB9700B6F6CE /* FeaturesView.swift */ = {isa = PBXFileReference; lastKnownFileType = sourcecode.swift; path = FeaturesView.swift; sourceTree = "<group>"; };
		75BC4A652A80EBFC00B6F6CE /* FeatureItem.swift */ = {isa = PBXFileReference; lastKnownFileType = sourcecode.swift; path = FeatureItem.swift; sourceTree = "<group>"; };
		75BC4A692A80ED1E00B6F6CE /* OnboardingFeaturesBuilder.swift */ = {isa = PBXFileReference; lastKnownFileType = sourcecode.swift; path = OnboardingFeaturesBuilder.swift; sourceTree = "<group>"; };
		75BC4A6E2A80EE9F00B6F6CE /* Local+Onboarding.strings */ = {isa = PBXFileReference; lastKnownFileType = text.plist.strings; path = "Local+Onboarding.strings"; sourceTree = "<group>"; };
		75BC4A702A80EEB700B6F6CE /* Local+Onboarding.swift */ = {isa = PBXFileReference; lastKnownFileType = sourcecode.swift; path = "Local+Onboarding.swift"; sourceTree = "<group>"; };
		75BC4A772A80F51B00B6F6CE /* Font+Avenir.swift */ = {isa = PBXFileReference; lastKnownFileType = sourcecode.swift; path = "Font+Avenir.swift"; sourceTree = "<group>"; };
		75BC4A7B2A80FB5400B6F6CE /* WideBlueButtonStyle.swift */ = {isa = PBXFileReference; lastKnownFileType = sourcecode.swift; path = WideBlueButtonStyle.swift; sourceTree = "<group>"; };
		75BC4A7D2A80FB6C00B6F6CE /* Colors.xcassets */ = {isa = PBXFileReference; lastKnownFileType = folder.assetcatalog; path = Colors.xcassets; sourceTree = "<group>"; };
		75BC4A802A80FB9B00B6F6CE /* Colors+Main.swift */ = {isa = PBXFileReference; lastKnownFileType = sourcecode.swift; path = "Colors+Main.swift"; sourceTree = "<group>"; };
		75BC4A822A810C6D00B6F6CE /* RegisterView.swift */ = {isa = PBXFileReference; lastKnownFileType = sourcecode.swift; path = RegisterView.swift; sourceTree = "<group>"; };
		75BC4A842A810CCA00B6F6CE /* FloatingTextView.swift */ = {isa = PBXFileReference; lastKnownFileType = sourcecode.swift; path = FloatingTextView.swift; sourceTree = "<group>"; };
		75BC4A862A810D6100B6F6CE /* RegisterViewModel.swift */ = {isa = PBXFileReference; lastKnownFileType = sourcecode.swift; path = RegisterViewModel.swift; sourceTree = "<group>"; };
		75BC4A892A8114D700B6F6CE /* String+Email.swift */ = {isa = PBXFileReference; lastKnownFileType = sourcecode.swift; path = "String+Email.swift"; sourceTree = "<group>"; };
		75BC4A8B2A8116FE00B6F6CE /* Router.swift */ = {isa = PBXFileReference; lastKnownFileType = sourcecode.swift; path = Router.swift; sourceTree = "<group>"; };
		75BC4A8D2A811ABC00B6F6CE /* LogInView.swift */ = {isa = PBXFileReference; lastKnownFileType = sourcecode.swift; path = LogInView.swift; sourceTree = "<group>"; };
		75BC4A8F2A811ACA00B6F6CE /* LogInViewModel.swift */ = {isa = PBXFileReference; lastKnownFileType = sourcecode.swift; path = LogInViewModel.swift; sourceTree = "<group>"; };
		75ED79E42A82606D0078D103 /* UserAPI.swift */ = {isa = PBXFileReference; lastKnownFileType = sourcecode.swift; path = UserAPI.swift; sourceTree = "<group>"; };
		75ED79EA2A8260B40078D103 /* Dependencies.swift */ = {isa = PBXFileReference; lastKnownFileType = sourcecode.swift; path = Dependencies.swift; sourceTree = "<group>"; };
		75ED79ED2A8261130078D103 /* UserAPIProvider.swift */ = {isa = PBXFileReference; lastKnownFileType = sourcecode.swift; path = UserAPIProvider.swift; sourceTree = "<group>"; };
		75ED79EF2A82616B0078D103 /* UserAPIBackendless.swift */ = {isa = PBXFileReference; lastKnownFileType = sourcecode.swift; path = UserAPIBackendless.swift; sourceTree = "<group>"; };
		75ED79F22A8262430078D103 /* User.swift */ = {isa = PBXFileReference; lastKnownFileType = sourcecode.swift; path = User.swift; sourceTree = "<group>"; };
		75ED79F52A8267970078D103 /* EmailConfirmationView.swift */ = {isa = PBXFileReference; lastKnownFileType = sourcecode.swift; path = EmailConfirmationView.swift; sourceTree = "<group>"; };
		75ED79FC2A826CBD0078D103 /* UserAPIMock.swift */ = {isa = PBXFileReference; lastKnownFileType = sourcecode.swift; path = UserAPIMock.swift; sourceTree = "<group>"; };
		75ED7A022A8270390078D103 /* Loading.swift */ = {isa = PBXFileReference; lastKnownFileType = sourcecode.swift; path = Loading.swift; sourceTree = "<group>"; };
		75ED7A042A8270720078D103 /* Error.swift */ = {isa = PBXFileReference; lastKnownFileType = sourcecode.swift; path = Error.swift; sourceTree = "<group>"; };
		75ED7A062A8270C50078D103 /* ViewModel.swift */ = {isa = PBXFileReference; lastKnownFileType = sourcecode.swift; path = ViewModel.swift; sourceTree = "<group>"; };
		75ED7A092A8277C90078D103 /* CustomError.swift */ = {isa = PBXFileReference; lastKnownFileType = sourcecode.swift; path = CustomError.swift; sourceTree = "<group>"; };
		75ED7A0B2A8278540078D103 /* Local+Error.strings */ = {isa = PBXFileReference; lastKnownFileType = text.plist.strings; path = "Local+Error.strings"; sourceTree = "<group>"; };
		75ED7A0D2A8278640078D103 /* Local+Error.swift */ = {isa = PBXFileReference; lastKnownFileType = sourcecode.swift; path = "Local+Error.swift"; sourceTree = "<group>"; };
		75ED7A0F2A8279350078D103 /* UserAPIError.swift */ = {isa = PBXFileReference; lastKnownFileType = sourcecode.swift; path = UserAPIError.swift; sourceTree = "<group>"; };
/* End PBXFileReference section */

/* Begin PBXFrameworksBuildPhase section */
		75BC4A3D2A80E88800B6F6CE /* Frameworks */ = {
			isa = PBXFrameworksBuildPhase;
			buildActionMask = 2147483647;
			files = (
				75ED7A002A826FFC0078D103 /* AlertToast in Frameworks */,
				7565F0562A81465300B796A1 /* Backendless in Frameworks */,
				75ED79E92A8260AA0078D103 /* Dependencies in Frameworks */,
			);
			runOnlyForDeploymentPostprocessing = 0;
		};
/* End PBXFrameworksBuildPhase section */

/* Begin PBXGroup section */
		75BC4A372A80E88800B6F6CE = {
			isa = PBXGroup;
			children = (
				75BC4A422A80E88800B6F6CE /* TouristLlama */,
				75BC4A412A80E88800B6F6CE /* Products */,
			);
			sourceTree = "<group>";
		};
		75BC4A412A80E88800B6F6CE /* Products */ = {
			isa = PBXGroup;
			children = (
				75BC4A402A80E88800B6F6CE /* TouristLlama.app */,
			);
			name = Products;
			sourceTree = "<group>";
		};
		75BC4A422A80E88800B6F6CE /* TouristLlama */ = {
			isa = PBXGroup;
			children = (
				75ED79FB2A826CAA0078D103 /* Mock */,
				75ED79F12A82623A0078D103 /* Models */,
				75BC4A432A80E88800B6F6CE /* TouristLlamaApp.swift */,
				75BC4A452A80E88800B6F6CE /* ContentView.swift */,
				75BC4A682A80ED0B00B6F6CE /* Builders */,
				75BC4A672A80ED0300B6F6CE /* Controllers */,
				75BC4A512A80E92600B6F6CE /* Scenes */,
				75BC4A792A80FB3600B6F6CE /* Styles */,
				75BC4A632A80EBDE00B6F6CE /* ReusableViews */,
				75BC4A882A8114C600B6F6CE /* Extensions */,
				75BC4A5A2A80E9DA00B6F6CE /* Assets */,
				75BC4A492A80E88A00B6F6CE /* Preview Content */,
			);
			path = TouristLlama;
			sourceTree = "<group>";
		};
		75BC4A492A80E88A00B6F6CE /* Preview Content */ = {
			isa = PBXGroup;
			children = (
				75BC4A4A2A80E88A00B6F6CE /* Preview Assets.xcassets */,
			);
			path = "Preview Content";
			sourceTree = "<group>";
		};
		75BC4A512A80E92600B6F6CE /* Scenes */ = {
			isa = PBXGroup;
			children = (
				75BC4A522A80E92C00B6F6CE /* Onboarding */,
			);
			path = Scenes;
			sourceTree = "<group>";
		};
		75BC4A522A80E92C00B6F6CE /* Onboarding */ = {
			isa = PBXGroup;
			children = (
				75BC4A532A80E93F00B6F6CE /* Onboard */,
				75BC4A552A80E94E00B6F6CE /* Register */,
				75ED79F42A8267840078D103 /* EmailConfirmation */,
				75BC4A542A80E94900B6F6CE /* Login */,
			);
			path = Onboarding;
			sourceTree = "<group>";
		};
		75BC4A532A80E93F00B6F6CE /* Onboard */ = {
			isa = PBXGroup;
			children = (
				75BC4A562A80E95C00B6F6CE /* OnboardView.swift */,
				75BC4A5E2A80EAC300B6F6CE /* OnboardViewModel.swift */,
			);
			path = Onboard;
			sourceTree = "<group>";
		};
		75BC4A542A80E94900B6F6CE /* Login */ = {
			isa = PBXGroup;
			children = (
				75BC4A8D2A811ABC00B6F6CE /* LogInView.swift */,
				75BC4A8F2A811ACA00B6F6CE /* LogInViewModel.swift */,
			);
			path = Login;
			sourceTree = "<group>";
		};
		75BC4A552A80E94E00B6F6CE /* Register */ = {
			isa = PBXGroup;
			children = (
				75BC4A822A810C6D00B6F6CE /* RegisterView.swift */,
				75BC4A862A810D6100B6F6CE /* RegisterViewModel.swift */,
			);
			path = Register;
			sourceTree = "<group>";
		};
		75BC4A5A2A80E9DA00B6F6CE /* Assets */ = {
			isa = PBXGroup;
			children = (
				75BC4A7F2A80FB8A00B6F6CE /* Colors */,
				75BC4A762A80F50700B6F6CE /* Font */,
				75BC4A6B2A80EE7300B6F6CE /* Localisation */,
				75BC4A5B2A80E9E300B6F6CE /* Images */,
				75BC4A472A80E88A00B6F6CE /* Assets.xcassets */,
			);
			path = Assets;
			sourceTree = "<group>";
		};
		75BC4A5B2A80E9E300B6F6CE /* Images */ = {
			isa = PBXGroup;
			children = (
				75BC4A582A80E9D500B6F6CE /* Images.xcassets */,
				75BC4A5C2A80E9FA00B6F6CE /* Image+Onboarding.swift */,
			);
			path = Images;
			sourceTree = "<group>";
		};
		75BC4A632A80EBDE00B6F6CE /* ReusableViews */ = {
			isa = PBXGroup;
			children = (
				75BC4A642A80EBE800B6F6CE /* FeatureView */,
				75BC4A842A810CCA00B6F6CE /* FloatingTextView.swift */,
			);
			path = ReusableViews;
			sourceTree = "<group>";
		};
		75BC4A642A80EBE800B6F6CE /* FeatureView */ = {
			isa = PBXGroup;
			children = (
				75BC4A612A80EB9700B6F6CE /* FeaturesView.swift */,
				75BC4A652A80EBFC00B6F6CE /* FeatureItem.swift */,
			);
			path = FeatureView;
			sourceTree = "<group>";
		};
		75BC4A672A80ED0300B6F6CE /* Controllers */ = {
			isa = PBXGroup;
			children = (
				75ED79EA2A8260B40078D103 /* Dependencies.swift */,
				75BC4A8B2A8116FE00B6F6CE /* Router.swift */,
				75ED79EC2A8260DB0078D103 /* Backendless */,
				75ED79E62A8260700078D103 /* API */,
				75ED7A012A8270290078D103 /* ViewState */,
			);
			path = Controllers;
			sourceTree = "<group>";
		};
		75BC4A682A80ED0B00B6F6CE /* Builders */ = {
			isa = PBXGroup;
			children = (
				75BC4A692A80ED1E00B6F6CE /* OnboardingFeaturesBuilder.swift */,
			);
			path = Builders;
			sourceTree = "<group>";
		};
		75BC4A6B2A80EE7300B6F6CE /* Localisation */ = {
			isa = PBXGroup;
			children = (
				75BC4A6E2A80EE9F00B6F6CE /* Local+Onboarding.strings */,
				75BC4A702A80EEB700B6F6CE /* Local+Onboarding.swift */,
				75ED7A0B2A8278540078D103 /* Local+Error.strings */,
				75ED7A0D2A8278640078D103 /* Local+Error.swift */,
			);
			path = Localisation;
			sourceTree = "<group>";
		};
		75BC4A762A80F50700B6F6CE /* Font */ = {
			isa = PBXGroup;
			children = (
				75BC4A772A80F51B00B6F6CE /* Font+Avenir.swift */,
			);
			path = Font;
			sourceTree = "<group>";
		};
		75BC4A792A80FB3600B6F6CE /* Styles */ = {
			isa = PBXGroup;
			children = (
				75BC4A7A2A80FB3E00B6F6CE /* ButtonStyles */,
			);
			path = Styles;
			sourceTree = "<group>";
		};
		75BC4A7A2A80FB3E00B6F6CE /* ButtonStyles */ = {
			isa = PBXGroup;
			children = (
				75BC4A7B2A80FB5400B6F6CE /* WideBlueButtonStyle.swift */,
			);
			path = ButtonStyles;
			sourceTree = "<group>";
		};
		75BC4A7F2A80FB8A00B6F6CE /* Colors */ = {
			isa = PBXGroup;
			children = (
				75BC4A7D2A80FB6C00B6F6CE /* Colors.xcassets */,
				75BC4A802A80FB9B00B6F6CE /* Colors+Main.swift */,
			);
			path = Colors;
			sourceTree = "<group>";
		};
		75BC4A882A8114C600B6F6CE /* Extensions */ = {
			isa = PBXGroup;
			children = (
				75BC4A892A8114D700B6F6CE /* String+Email.swift */,
			);
			path = Extensions;
			sourceTree = "<group>";
		};
		75ED79E62A8260700078D103 /* API */ = {
			isa = PBXGroup;
			children = (
				75ED79ED2A8261130078D103 /* UserAPIProvider.swift */,
				75ED79E42A82606D0078D103 /* UserAPI.swift */,
				75ED7A0F2A8279350078D103 /* UserAPIError.swift */,
			);
			path = API;
			sourceTree = "<group>";
		};
		75ED79EC2A8260DB0078D103 /* Backendless */ = {
			isa = PBXGroup;
			children = (
				75ED79EF2A82616B0078D103 /* UserAPIBackendless.swift */,
			);
			path = Backendless;
			sourceTree = "<group>";
		};
		75ED79F12A82623A0078D103 /* Models */ = {
			isa = PBXGroup;
			children = (
				75ED79F22A8262430078D103 /* User.swift */,
				75ED7A092A8277C90078D103 /* CustomError.swift */,
			);
			path = Models;
			sourceTree = "<group>";
		};
		75ED79F42A8267840078D103 /* EmailConfirmation */ = {
			isa = PBXGroup;
			children = (
				75ED79F52A8267970078D103 /* EmailConfirmationView.swift */,
			);
			path = EmailConfirmation;
			sourceTree = "<group>";
		};
		75ED79FB2A826CAA0078D103 /* Mock */ = {
			isa = PBXGroup;
			children = (
				75ED79FC2A826CBD0078D103 /* UserAPIMock.swift */,
			);
			path = Mock;
			sourceTree = "<group>";
		};
		75ED7A012A8270290078D103 /* ViewState */ = {
			isa = PBXGroup;
			children = (
				75ED7A062A8270C50078D103 /* ViewModel.swift */,
				75ED7A022A8270390078D103 /* Loading.swift */,
				75ED7A042A8270720078D103 /* Error.swift */,
			);
			path = ViewState;
			sourceTree = "<group>";
		};
/* End PBXGroup section */

/* Begin PBXNativeTarget section */
		75BC4A3F2A80E88800B6F6CE /* TouristLlama */ = {
			isa = PBXNativeTarget;
			buildConfigurationList = 75BC4A4E2A80E88A00B6F6CE /* Build configuration list for PBXNativeTarget "TouristLlama" */;
			buildPhases = (
				75BC4A3C2A80E88800B6F6CE /* Sources */,
				75BC4A3D2A80E88800B6F6CE /* Frameworks */,
				75BC4A3E2A80E88800B6F6CE /* Resources */,
			);
			buildRules = (
			);
			dependencies = (
			);
			name = TouristLlama;
			packageProductDependencies = (
				7565F0552A81465300B796A1 /* Backendless */,
				75ED79E82A8260AA0078D103 /* Dependencies */,
				75ED79FF2A826FFC0078D103 /* AlertToast */,
			);
			productName = TouristLlama;
			productReference = 75BC4A402A80E88800B6F6CE /* TouristLlama.app */;
			productType = "com.apple.product-type.application";
		};
/* End PBXNativeTarget section */

/* Begin PBXProject section */
		75BC4A382A80E88800B6F6CE /* Project object */ = {
			isa = PBXProject;
			attributes = {
				BuildIndependentTargetsInParallel = 1;
				LastSwiftUpdateCheck = 1430;
				LastUpgradeCheck = 1430;
				TargetAttributes = {
					75BC4A3F2A80E88800B6F6CE = {
						CreatedOnToolsVersion = 14.3.1;
					};
				};
			};
			buildConfigurationList = 75BC4A3B2A80E88800B6F6CE /* Build configuration list for PBXProject "TouristLlama" */;
			compatibilityVersion = "Xcode 14.0";
			developmentRegion = en;
			hasScannedForEncodings = 0;
			knownRegions = (
				en,
				Base,
			);
			mainGroup = 75BC4A372A80E88800B6F6CE;
			packageReferences = (
				7565F0542A81465300B796A1 /* XCRemoteSwiftPackageReference "Swift-SDK" */,
				75ED79E72A8260AA0078D103 /* XCRemoteSwiftPackageReference "swift-dependencies" */,
				75ED79FE2A826FFB0078D103 /* XCRemoteSwiftPackageReference "AlertToast" */,
			);
			productRefGroup = 75BC4A412A80E88800B6F6CE /* Products */;
			projectDirPath = "";
			projectRoot = "";
			targets = (
				75BC4A3F2A80E88800B6F6CE /* TouristLlama */,
			);
		};
/* End PBXProject section */

/* Begin PBXResourcesBuildPhase section */
		75BC4A3E2A80E88800B6F6CE /* Resources */ = {
			isa = PBXResourcesBuildPhase;
			buildActionMask = 2147483647;
			files = (
				75BC4A7E2A80FB6C00B6F6CE /* Colors.xcassets in Resources */,
				75BC4A592A80E9D500B6F6CE /* Images.xcassets in Resources */,
				75BC4A6F2A80EE9F00B6F6CE /* Local+Onboarding.strings in Resources */,
				75BC4A4B2A80E88A00B6F6CE /* Preview Assets.xcassets in Resources */,
				75BC4A482A80E88A00B6F6CE /* Assets.xcassets in Resources */,
				75ED7A0C2A8278540078D103 /* Local+Error.strings in Resources */,
			);
			runOnlyForDeploymentPostprocessing = 0;
		};
/* End PBXResourcesBuildPhase section */

/* Begin PBXSourcesBuildPhase section */
		75BC4A3C2A80E88800B6F6CE /* Sources */ = {
			isa = PBXSourcesBuildPhase;
			buildActionMask = 2147483647;
			files = (
				75BC4A712A80EEB700B6F6CE /* Local+Onboarding.swift in Sources */,
				75BC4A872A810D6100B6F6CE /* RegisterViewModel.swift in Sources */,
				75ED79F32A8262430078D103 /* User.swift in Sources */,
				75ED79F62A8267970078D103 /* EmailConfirmationView.swift in Sources */,
				75BC4A852A810CCA00B6F6CE /* FloatingTextView.swift in Sources */,
				75BC4A462A80E88800B6F6CE /* ContentView.swift in Sources */,
				75BC4A832A810C6D00B6F6CE /* RegisterView.swift in Sources */,
				75ED79EB2A8260B40078D103 /* Dependencies.swift in Sources */,
				75BC4A572A80E95C00B6F6CE /* OnboardView.swift in Sources */,
				75ED7A072A8270C50078D103 /* ViewModel.swift in Sources */,
				75BC4A8E2A811ABC00B6F6CE /* LogInView.swift in Sources */,
				75ED7A0E2A8278640078D103 /* Local+Error.swift in Sources */,
				75BC4A5D2A80E9FA00B6F6CE /* Image+Onboarding.swift in Sources */,
				75BC4A8A2A8114D700B6F6CE /* String+Email.swift in Sources */,
				75BC4A6A2A80ED1E00B6F6CE /* OnboardingFeaturesBuilder.swift in Sources */,
				75BC4A442A80E88800B6F6CE /* TouristLlamaApp.swift in Sources */,
				75ED7A102A8279350078D103 /* UserAPIError.swift in Sources */,
				75BC4A902A811ACA00B6F6CE /* LogInViewModel.swift in Sources */,
				75ED79F02A82616B0078D103 /* UserAPIBackendless.swift in Sources */,
				75BC4A8C2A8116FE00B6F6CE /* Router.swift in Sources */,
				75ED7A032A8270390078D103 /* Loading.swift in Sources */,
				75BC4A7C2A80FB5400B6F6CE /* WideBlueButtonStyle.swift in Sources */,
				75BC4A662A80EBFC00B6F6CE /* FeatureItem.swift in Sources */,
				75ED7A052A8270720078D103 /* Error.swift in Sources */,
				75BC4A782A80F51B00B6F6CE /* Font+Avenir.swift in Sources */,
				75BC4A5F2A80EAC300B6F6CE /* OnboardViewModel.swift in Sources */,
				75ED79FD2A826CBD0078D103 /* UserAPIMock.swift in Sources */,
				75ED7A0A2A8277C90078D103 /* CustomError.swift in Sources */,
				75BC4A812A80FB9B00B6F6CE /* Colors+Main.swift in Sources */,
				75ED79EE2A8261130078D103 /* UserAPIProvider.swift in Sources */,
				75BC4A622A80EB9700B6F6CE /* FeaturesView.swift in Sources */,
				75ED79E52A82606D0078D103 /* UserAPI.swift in Sources */,
			);
			runOnlyForDeploymentPostprocessing = 0;
		};
/* End PBXSourcesBuildPhase section */

/* Begin XCBuildConfiguration section */
		75BC4A4C2A80E88A00B6F6CE /* Debug */ = {
			isa = XCBuildConfiguration;
			buildSettings = {
				ALWAYS_SEARCH_USER_PATHS = NO;
				CLANG_ANALYZER_NONNULL = YES;
				CLANG_ANALYZER_NUMBER_OBJECT_CONVERSION = YES_AGGRESSIVE;
				CLANG_CXX_LANGUAGE_STANDARD = "gnu++20";
				CLANG_ENABLE_MODULES = YES;
				CLANG_ENABLE_OBJC_ARC = YES;
				CLANG_ENABLE_OBJC_WEAK = YES;
				CLANG_WARN_BLOCK_CAPTURE_AUTORELEASING = YES;
				CLANG_WARN_BOOL_CONVERSION = YES;
				CLANG_WARN_COMMA = YES;
				CLANG_WARN_CONSTANT_CONVERSION = YES;
				CLANG_WARN_DEPRECATED_OBJC_IMPLEMENTATIONS = YES;
				CLANG_WARN_DIRECT_OBJC_ISA_USAGE = YES_ERROR;
				CLANG_WARN_DOCUMENTATION_COMMENTS = YES;
				CLANG_WARN_EMPTY_BODY = YES;
				CLANG_WARN_ENUM_CONVERSION = YES;
				CLANG_WARN_INFINITE_RECURSION = YES;
				CLANG_WARN_INT_CONVERSION = YES;
				CLANG_WARN_NON_LITERAL_NULL_CONVERSION = YES;
				CLANG_WARN_OBJC_IMPLICIT_RETAIN_SELF = YES;
				CLANG_WARN_OBJC_LITERAL_CONVERSION = YES;
				CLANG_WARN_OBJC_ROOT_CLASS = YES_ERROR;
				CLANG_WARN_QUOTED_INCLUDE_IN_FRAMEWORK_HEADER = YES;
				CLANG_WARN_RANGE_LOOP_ANALYSIS = YES;
				CLANG_WARN_STRICT_PROTOTYPES = YES;
				CLANG_WARN_SUSPICIOUS_MOVE = YES;
				CLANG_WARN_UNGUARDED_AVAILABILITY = YES_AGGRESSIVE;
				CLANG_WARN_UNREACHABLE_CODE = YES;
				CLANG_WARN__DUPLICATE_METHOD_MATCH = YES;
				COPY_PHASE_STRIP = NO;
				DEBUG_INFORMATION_FORMAT = dwarf;
				ENABLE_STRICT_OBJC_MSGSEND = YES;
				ENABLE_TESTABILITY = YES;
				GCC_C_LANGUAGE_STANDARD = gnu11;
				GCC_DYNAMIC_NO_PIC = NO;
				GCC_NO_COMMON_BLOCKS = YES;
				GCC_OPTIMIZATION_LEVEL = 0;
				GCC_PREPROCESSOR_DEFINITIONS = (
					"DEBUG=1",
					"$(inherited)",
				);
				GCC_WARN_64_TO_32_BIT_CONVERSION = YES;
				GCC_WARN_ABOUT_RETURN_TYPE = YES_ERROR;
				GCC_WARN_UNDECLARED_SELECTOR = YES;
				GCC_WARN_UNINITIALIZED_AUTOS = YES_AGGRESSIVE;
				GCC_WARN_UNUSED_FUNCTION = YES;
				GCC_WARN_UNUSED_VARIABLE = YES;
				IPHONEOS_DEPLOYMENT_TARGET = 16.4;
				MTL_ENABLE_DEBUG_INFO = INCLUDE_SOURCE;
				MTL_FAST_MATH = YES;
				ONLY_ACTIVE_ARCH = YES;
				SDKROOT = iphoneos;
				SWIFT_ACTIVE_COMPILATION_CONDITIONS = DEBUG;
				SWIFT_OPTIMIZATION_LEVEL = "-Onone";
			};
			name = Debug;
		};
		75BC4A4D2A80E88A00B6F6CE /* Release */ = {
			isa = XCBuildConfiguration;
			buildSettings = {
				ALWAYS_SEARCH_USER_PATHS = NO;
				CLANG_ANALYZER_NONNULL = YES;
				CLANG_ANALYZER_NUMBER_OBJECT_CONVERSION = YES_AGGRESSIVE;
				CLANG_CXX_LANGUAGE_STANDARD = "gnu++20";
				CLANG_ENABLE_MODULES = YES;
				CLANG_ENABLE_OBJC_ARC = YES;
				CLANG_ENABLE_OBJC_WEAK = YES;
				CLANG_WARN_BLOCK_CAPTURE_AUTORELEASING = YES;
				CLANG_WARN_BOOL_CONVERSION = YES;
				CLANG_WARN_COMMA = YES;
				CLANG_WARN_CONSTANT_CONVERSION = YES;
				CLANG_WARN_DEPRECATED_OBJC_IMPLEMENTATIONS = YES;
				CLANG_WARN_DIRECT_OBJC_ISA_USAGE = YES_ERROR;
				CLANG_WARN_DOCUMENTATION_COMMENTS = YES;
				CLANG_WARN_EMPTY_BODY = YES;
				CLANG_WARN_ENUM_CONVERSION = YES;
				CLANG_WARN_INFINITE_RECURSION = YES;
				CLANG_WARN_INT_CONVERSION = YES;
				CLANG_WARN_NON_LITERAL_NULL_CONVERSION = YES;
				CLANG_WARN_OBJC_IMPLICIT_RETAIN_SELF = YES;
				CLANG_WARN_OBJC_LITERAL_CONVERSION = YES;
				CLANG_WARN_OBJC_ROOT_CLASS = YES_ERROR;
				CLANG_WARN_QUOTED_INCLUDE_IN_FRAMEWORK_HEADER = YES;
				CLANG_WARN_RANGE_LOOP_ANALYSIS = YES;
				CLANG_WARN_STRICT_PROTOTYPES = YES;
				CLANG_WARN_SUSPICIOUS_MOVE = YES;
				CLANG_WARN_UNGUARDED_AVAILABILITY = YES_AGGRESSIVE;
				CLANG_WARN_UNREACHABLE_CODE = YES;
				CLANG_WARN__DUPLICATE_METHOD_MATCH = YES;
				COPY_PHASE_STRIP = NO;
				DEBUG_INFORMATION_FORMAT = "dwarf-with-dsym";
				ENABLE_NS_ASSERTIONS = NO;
				ENABLE_STRICT_OBJC_MSGSEND = YES;
				GCC_C_LANGUAGE_STANDARD = gnu11;
				GCC_NO_COMMON_BLOCKS = YES;
				GCC_WARN_64_TO_32_BIT_CONVERSION = YES;
				GCC_WARN_ABOUT_RETURN_TYPE = YES_ERROR;
				GCC_WARN_UNDECLARED_SELECTOR = YES;
				GCC_WARN_UNINITIALIZED_AUTOS = YES_AGGRESSIVE;
				GCC_WARN_UNUSED_FUNCTION = YES;
				GCC_WARN_UNUSED_VARIABLE = YES;
				IPHONEOS_DEPLOYMENT_TARGET = 16.4;
				MTL_ENABLE_DEBUG_INFO = NO;
				MTL_FAST_MATH = YES;
				SDKROOT = iphoneos;
				SWIFT_COMPILATION_MODE = wholemodule;
				SWIFT_OPTIMIZATION_LEVEL = "-O";
				VALIDATE_PRODUCT = YES;
			};
			name = Release;
		};
		75BC4A4F2A80E88A00B6F6CE /* Debug */ = {
			isa = XCBuildConfiguration;
			buildSettings = {
				ASSETCATALOG_COMPILER_APPICON_NAME = AppIcon;
				ASSETCATALOG_COMPILER_GLOBAL_ACCENT_COLOR_NAME = AccentColor;
				CODE_SIGN_STYLE = Automatic;
				CURRENT_PROJECT_VERSION = 1;
				DEVELOPMENT_ASSET_PATHS = "\"TouristLlama/Preview Content\"";
				DEVELOPMENT_TEAM = 3NAZK3L3FT;
				ENABLE_PREVIEWS = YES;
				GENERATE_INFOPLIST_FILE = YES;
				INFOPLIST_KEY_UIApplicationSceneManifest_Generation = YES;
				INFOPLIST_KEY_UIApplicationSupportsIndirectInputEvents = YES;
				INFOPLIST_KEY_UILaunchScreen_Generation = YES;
				INFOPLIST_KEY_UISupportedInterfaceOrientations_iPad = "UIInterfaceOrientationPortrait UIInterfaceOrientationPortraitUpsideDown UIInterfaceOrientationLandscapeLeft UIInterfaceOrientationLandscapeRight";
				INFOPLIST_KEY_UISupportedInterfaceOrientations_iPhone = "UIInterfaceOrientationPortrait UIInterfaceOrientationLandscapeLeft UIInterfaceOrientationLandscapeRight";
				LD_RUNPATH_SEARCH_PATHS = (
					"$(inherited)",
					"@executable_path/Frameworks",
				);
				MARKETING_VERSION = 1.0;
				PRODUCT_BUNDLE_IDENTIFIER = me.mitko.TouristLlama;
				PRODUCT_NAME = "$(TARGET_NAME)";
				SWIFT_EMIT_LOC_STRINGS = YES;
				SWIFT_VERSION = 5.0;
				TARGETED_DEVICE_FAMILY = "1,2";
			};
			name = Debug;
		};
		75BC4A502A80E88A00B6F6CE /* Release */ = {
			isa = XCBuildConfiguration;
			buildSettings = {
				ASSETCATALOG_COMPILER_APPICON_NAME = AppIcon;
				ASSETCATALOG_COMPILER_GLOBAL_ACCENT_COLOR_NAME = AccentColor;
				CODE_SIGN_STYLE = Automatic;
				CURRENT_PROJECT_VERSION = 1;
				DEVELOPMENT_ASSET_PATHS = "\"TouristLlama/Preview Content\"";
				DEVELOPMENT_TEAM = 3NAZK3L3FT;
				ENABLE_PREVIEWS = YES;
				GENERATE_INFOPLIST_FILE = YES;
				INFOPLIST_KEY_UIApplicationSceneManifest_Generation = YES;
				INFOPLIST_KEY_UIApplicationSupportsIndirectInputEvents = YES;
				INFOPLIST_KEY_UILaunchScreen_Generation = YES;
				INFOPLIST_KEY_UISupportedInterfaceOrientations_iPad = "UIInterfaceOrientationPortrait UIInterfaceOrientationPortraitUpsideDown UIInterfaceOrientationLandscapeLeft UIInterfaceOrientationLandscapeRight";
				INFOPLIST_KEY_UISupportedInterfaceOrientations_iPhone = "UIInterfaceOrientationPortrait UIInterfaceOrientationLandscapeLeft UIInterfaceOrientationLandscapeRight";
				LD_RUNPATH_SEARCH_PATHS = (
					"$(inherited)",
					"@executable_path/Frameworks",
				);
				MARKETING_VERSION = 1.0;
				PRODUCT_BUNDLE_IDENTIFIER = me.mitko.TouristLlama;
				PRODUCT_NAME = "$(TARGET_NAME)";
				SWIFT_EMIT_LOC_STRINGS = YES;
				SWIFT_VERSION = 5.0;
				TARGETED_DEVICE_FAMILY = "1,2";
			};
			name = Release;
		};
/* End XCBuildConfiguration section */

/* Begin XCConfigurationList section */
		75BC4A3B2A80E88800B6F6CE /* Build configuration list for PBXProject "TouristLlama" */ = {
			isa = XCConfigurationList;
			buildConfigurations = (
				75BC4A4C2A80E88A00B6F6CE /* Debug */,
				75BC4A4D2A80E88A00B6F6CE /* Release */,
			);
			defaultConfigurationIsVisible = 0;
			defaultConfigurationName = Release;
		};
		75BC4A4E2A80E88A00B6F6CE /* Build configuration list for PBXNativeTarget "TouristLlama" */ = {
			isa = XCConfigurationList;
			buildConfigurations = (
				75BC4A4F2A80E88A00B6F6CE /* Debug */,
				75BC4A502A80E88A00B6F6CE /* Release */,
			);
			defaultConfigurationIsVisible = 0;
			defaultConfigurationName = Release;
		};
/* End XCConfigurationList section */

/* Begin XCRemoteSwiftPackageReference section */
		7565F0542A81465300B796A1 /* XCRemoteSwiftPackageReference "Swift-SDK" */ = {
			isa = XCRemoteSwiftPackageReference;
			repositoryURL = "https://github.com/Backendless/Swift-SDK";
			requirement = {
				kind = upToNextMajorVersion;
				minimumVersion = 7.0.0;
			};
		};
		75ED79E72A8260AA0078D103 /* XCRemoteSwiftPackageReference "swift-dependencies" */ = {
			isa = XCRemoteSwiftPackageReference;
			repositoryURL = "https://github.com/pointfreeco/swift-dependencies";
			requirement = {
				kind = upToNextMajorVersion;
				minimumVersion = 1.0.0;
			};
		};
		75ED79FE2A826FFB0078D103 /* XCRemoteSwiftPackageReference "AlertToast" */ = {
			isa = XCRemoteSwiftPackageReference;
			repositoryURL = "https://github.com/elai950/AlertToast";
			requirement = {
				kind = upToNextMajorVersion;
				minimumVersion = 1.0.0;
			};
		};
/* End XCRemoteSwiftPackageReference section */

/* Begin XCSwiftPackageProductDependency section */
		7565F0552A81465300B796A1 /* Backendless */ = {
			isa = XCSwiftPackageProductDependency;
			package = 7565F0542A81465300B796A1 /* XCRemoteSwiftPackageReference "Swift-SDK" */;
			productName = Backendless;
		};
		75ED79E82A8260AA0078D103 /* Dependencies */ = {
			isa = XCSwiftPackageProductDependency;
			package = 75ED79E72A8260AA0078D103 /* XCRemoteSwiftPackageReference "swift-dependencies" */;
			productName = Dependencies;
		};
		75ED79FF2A826FFC0078D103 /* AlertToast */ = {
			isa = XCSwiftPackageProductDependency;
			package = 75ED79FE2A826FFB0078D103 /* XCRemoteSwiftPackageReference "AlertToast" */;
			productName = AlertToast;
		};
/* End XCSwiftPackageProductDependency section */
	};
	rootObject = 75BC4A382A80E88800B6F6CE /* Project object */;
}
